
Microsoft Visual Studio Solution File, Format Version 12.00
# Visual Studio Version 16
VisualStudioVersion = 16.0.29324.140
MinimumVisualStudioVersion = 10.0.40219.1
Project("{FAE04EC0-301F-11D3-BF4B-00C04F79EFBC}") = "ConsoleApp1", "ConsoleApp1\ConsoleApp1.csproj", "{9D3AAB99-ADA5-47A2-AD1A-A360D472D70B}"
EndProject
Global
	GlobalSection(SolutionConfigurationPlatforms) = preSolution
		Debug|Any CPU = Debug|Any CPU
		Release|Any CPU = Release|Any CPU
	EndGlobalSection
	GlobalSection(ProjectConfigurationPlatforms) = postSolution
		{9D3AAB99-ADA5-47A2-AD1A-A360D472D70B}.Debug|Any CPU.ActiveCfg = Debug|Any CPU
		{9D3AAB99-ADA5-47A2-AD1A-A360D472D70B}.Debug|Any CPU.Build.0 = Debug|Any CPU
		{9D3AAB99-ADA5-47A2-AD1A-A360D472D70B}.Release|Any CPU.ActiveCfg = Release|Any CPU
		{9D3AAB99-ADA5-47A2-AD1A-A360D472D70B}.Release|Any CPU.Build.0 = Release|Any CPU
	EndGlobalSection
	GlobalSection(SolutionProperties) = preSolution
		HideSolutionNode = FALSE
	EndGlobalSection
	GlobalSection(ExtensibilityGlobals) = postSolution
		SolutionGuid = {C185DFA0-7FE3-4126-BE11-4D0EFC6B70F1}
	EndGlobalSection
EndGlobal
