
Microsoft Visual Studio Solution File, Format Version 12.00
# Visual Studio Version 16
VisualStudioVersion = 16.0.29503.13
MinimumVisualStudioVersion = 10.0.40219.1
Project("{9A19103F-16F7-4668-BE54-9A1E7A4F7556}") = "CloudCraft.WebApi", "CloudCraft.WebApi\CloudCraft.WebApi.csproj", "{DF506868-FA20-43CE-A065-95D33BD54844}"
EndProject
Project("{FAE04EC0-301F-11D3-BF4B-00C04F79EFBC}") = "CloudCraft.DataAccess", "CloudCraft.DataAccess\CloudCraft.DataAccess.csproj", "{64CB1E72-F1CC-437F-BBA5-61BCF3895797}"
EndProject
Global
	GlobalSection(SolutionConfigurationPlatforms) = preSolution
		Debug|Any CPU = Debug|Any CPU
		Release|Any CPU = Release|Any CPU
	EndGlobalSection
	GlobalSection(ProjectConfigurationPlatforms) = postSolution
		{DF506868-FA20-43CE-A065-95D33BD54844}.Debug|Any CPU.ActiveCfg = Debug|Any CPU
		{DF506868-FA20-43CE-A065-95D33BD54844}.Debug|Any CPU.Build.0 = Debug|Any CPU
		{DF506868-FA20-43CE-A065-95D33BD54844}.Release|Any CPU.ActiveCfg = Release|Any CPU
		{DF506868-FA20-43CE-A065-95D33BD54844}.Release|Any CPU.Build.0 = Release|Any CPU
		{64CB1E72-F1CC-437F-BBA5-61BCF3895797}.Debug|Any CPU.ActiveCfg = Debug|Any CPU
		{64CB1E72-F1CC-437F-BBA5-61BCF3895797}.Debug|Any CPU.Build.0 = Debug|Any CPU
		{64CB1E72-F1CC-437F-BBA5-61BCF3895797}.Release|Any CPU.ActiveCfg = Release|Any CPU
		{64CB1E72-F1CC-437F-BBA5-61BCF3895797}.Release|Any CPU.Build.0 = Release|Any CPU
	EndGlobalSection
	GlobalSection(SolutionProperties) = preSolution
		HideSolutionNode = FALSE
	EndGlobalSection
	GlobalSection(ExtensibilityGlobals) = postSolution
		SolutionGuid = {3295DB63-D4CE-481A-B581-E903C24DF55A}
	EndGlobalSection
EndGlobal
